
Microsoft Visual Studio Solution File, Format Version 12.00
Project("{FAE04EC0-301F-11D3-BF4B-00C04F79EFBC}") = "LightWebServer", "LightWebServer\LightWebServer.csproj", "{84480495-84B5-42AD-8B94-F4A6691273D8}"
EndProject
Project("{FAE04EC0-301F-11D3-BF4B-00C04F79EFBC}") = "WebConsole", "WebConsole\WebConsole.csproj", "{81AC4427-9FF0-4A60-A5A6-5832E55E3795}"
EndProject
Global
	GlobalSection(SolutionConfigurationPlatforms) = preSolution
		Debug|Any CPU = Debug|Any CPU
		Release|Any CPU = Release|Any CPU
	EndGlobalSection
	GlobalSection(ProjectConfigurationPlatforms) = postSolution
		{84480495-84B5-42AD-8B94-F4A6691273D8}.Debug|Any CPU.ActiveCfg = Debug|Any CPU
		{84480495-84B5-42AD-8B94-F4A6691273D8}.Debug|Any CPU.Build.0 = Debug|Any CPU
		{84480495-84B5-42AD-8B94-F4A6691273D8}.Release|Any CPU.ActiveCfg = Release|Any CPU
		{84480495-84B5-42AD-8B94-F4A6691273D8}.Release|Any CPU.Build.0 = Release|Any CPU
		{81AC4427-9FF0-4A60-A5A6-5832E55E3795}.Debug|Any CPU.ActiveCfg = Debug|Any CPU
		{81AC4427-9FF0-4A60-A5A6-5832E55E3795}.Debug|Any CPU.Build.0 = Debug|Any CPU
		{81AC4427-9FF0-4A60-A5A6-5832E55E3795}.Release|Any CPU.ActiveCfg = Release|Any CPU
		{81AC4427-9FF0-4A60-A5A6-5832E55E3795}.Release|Any CPU.Build.0 = Release|Any CPU
	EndGlobalSection
	GlobalSection(NestedProjects) = preSolution
	EndGlobalSection
EndGlobal
